
Microsoft Visual Studio Solution File, Format Version 12.00
# Visual Studio Version 17
VisualStudioVersion = 17.0.32228.444
MinimumVisualStudioVersion = 10.0.40219.1
Project("{FAE04EC0-301F-11D3-BF4B-00C04F79EFBC}") = "AngularEshop.WebApi", "AngularEshop.WebApi\AngularEshop.WebApi.csproj", "{A76A6C63-3E04-4297-B936-A9F64DEEE2B3}"
EndProject
Project("{FAE04EC0-301F-11D3-BF4B-00C04F79EFBC}") = "AngularEshop.DataLayer", "AngularEshop.DataLayer\AngularEshop.DataLayer.csproj", "{3C94C7FF-8DF7-4727-A877-D95D7BC37326}"
EndProject
Project("{FAE04EC0-301F-11D3-BF4B-00C04F79EFBC}") = "AngularEshop.Core", "AngularEshop.Core\AngularEshop.Core.csproj", "{58BBF1B9-BB5C-4058-8923-7EEACDD026EE}"
EndProject
Global
	GlobalSection(SolutionConfigurationPlatforms) = preSolution
		Debug|Any CPU = Debug|Any CPU
		Release|Any CPU = Release|Any CPU
	EndGlobalSection
	GlobalSection(ProjectConfigurationPlatforms) = postSolution
		{A76A6C63-3E04-4297-B936-A9F64DEEE2B3}.Debug|Any CPU.ActiveCfg = Debug|Any CPU
		{A76A6C63-3E04-4297-B936-A9F64DEEE2B3}.Debug|Any CPU.Build.0 = Debug|Any CPU
		{A76A6C63-3E04-4297-B936-A9F64DEEE2B3}.Release|Any CPU.ActiveCfg = Release|Any CPU
		{A76A6C63-3E04-4297-B936-A9F64DEEE2B3}.Release|Any CPU.Build.0 = Release|Any CPU
		{3C94C7FF-8DF7-4727-A877-D95D7BC37326}.Debug|Any CPU.ActiveCfg = Debug|Any CPU
		{3C94C7FF-8DF7-4727-A877-D95D7BC37326}.Debug|Any CPU.Build.0 = Debug|Any CPU
		{3C94C7FF-8DF7-4727-A877-D95D7BC37326}.Release|Any CPU.ActiveCfg = Release|Any CPU
		{3C94C7FF-8DF7-4727-A877-D95D7BC37326}.Release|Any CPU.Build.0 = Release|Any CPU
		{58BBF1B9-BB5C-4058-8923-7EEACDD026EE}.Debug|Any CPU.ActiveCfg = Debug|Any CPU
		{58BBF1B9-BB5C-4058-8923-7EEACDD026EE}.Debug|Any CPU.Build.0 = Debug|Any CPU
		{58BBF1B9-BB5C-4058-8923-7EEACDD026EE}.Release|Any CPU.ActiveCfg = Release|Any CPU
		{58BBF1B9-BB5C-4058-8923-7EEACDD026EE}.Release|Any CPU.Build.0 = Release|Any CPU
	EndGlobalSection
	GlobalSection(SolutionProperties) = preSolution
		HideSolutionNode = FALSE
	EndGlobalSection
	GlobalSection(ExtensibilityGlobals) = postSolution
		SolutionGuid = {F3EBC55C-182F-454A-8EA1-8E005C5223D5}
	EndGlobalSection
EndGlobal
